
Microsoft Visual Studio Solution File, Format Version 12.00
# Visual Studio Version 17
VisualStudioVersion = 17.5.33627.172
MinimumVisualStudioVersion = 10.0.40219.1
Project("{FAE04EC0-301F-11D3-BF4B-00C04F79EFBC}") = "ShoeventoryAPI", "ShoeventoryAPI\ShoeventoryAPI.csproj", "{2CACB9FC-B9B0-4299-A79C-0773C59AC74A}"
EndProject
Global
	GlobalSection(SolutionConfigurationPlatforms) = preSolution
		Debug|Any CPU = Debug|Any CPU
		Release|Any CPU = Release|Any CPU
	EndGlobalSection
	GlobalSection(ProjectConfigurationPlatforms) = postSolution
		{2CACB9FC-B9B0-4299-A79C-0773C59AC74A}.Debug|Any CPU.ActiveCfg = Debug|Any CPU
		{2CACB9FC-B9B0-4299-A79C-0773C59AC74A}.Debug|Any CPU.Build.0 = Debug|Any CPU
		{2CACB9FC-B9B0-4299-A79C-0773C59AC74A}.Release|Any CPU.ActiveCfg = Release|Any CPU
		{2CACB9FC-B9B0-4299-A79C-0773C59AC74A}.Release|Any CPU.Build.0 = Release|Any CPU
	EndGlobalSection
	GlobalSection(SolutionProperties) = preSolution
		HideSolutionNode = FALSE
	EndGlobalSection
	GlobalSection(ExtensibilityGlobals) = postSolution
		SolutionGuid = {C12D0AC1-3F0F-43E8-B6A3-BDFDE2348798}
	EndGlobalSection
EndGlobal
